{
  "version": "5",
  "redirects": {
    "https://esm.sh/@supabase/functions-js@^2.1.5?target=denonext": "https://esm.sh/@supabase/functions-js@2.112.3?target=denonext",
    "https://esm.sh/@supabase/gotrue-js@^2.54.2?target=denonext": "https://esm.sh/@supabase/gotrue-js@2.112.3?target=denonext",
    "https://esm.sh/@supabase/node-fetch@^2.6.14?target=denonext": "https://esm.sh/@supabase/node-fetch@2.6.15?target=denonext",
    "https://esm.sh/@supabase/postgrest-js@^1.8.4?target=denonext": "https://esm.sh/@supabase/postgrest-js@1.21.4?target=denonext",
    "https://esm.sh/@supabase/realtime-js@^2.8.0?target=denonext": "https://esm.sh/@supabase/realtime-js@2.112.3?target=denonext",
    "https://esm.sh/@supabase/storage-js@^2.5.4?target=denonext": "https://esm.sh/@supabase/storage-js@2.112.3?target=denonext",
    "https://esm.sh/ansi-styles@^4.1.0?target=denonext": "https://esm.sh/ansi-styles@4.3.0?target=denonext",
    "https://esm.sh/chalk@^4.1.2?target=denonext": "https://esm.sh/chalk@4.1.2?target=denonext",
    "https://esm.sh/color-convert@^2.0.1?target=denonext": "https://esm.sh/color-convert@2.0.1?target=denonext",
    "https://esm.sh/color-name@~1.1.4?target=denonext": "https://esm.sh/color-name@1.1.4?target=denonext",
    "https://esm.sh/dateformat@^4.6.3?target=denonext": "https://esm.sh/dateformat@4.6.3?target=denonext",
    "https://esm.sh/has-flag@^4.0.0?target=denonext": "https://esm.sh/has-flag@4.0.0?target=denonext",
    "https://esm.sh/iceberg-js@^0.8.1?target=denonext": "https://esm.sh/iceberg-js@0.8.1?target=denonext",
    "https://esm.sh/supports-color@^7.1.0?target=denonext": "https://esm.sh/supports-color@7.2.0?target=denonext",
    "https://esm.sh/tr46@~0.0.3?target=denonext": "https://esm.sh/tr46@0.0.3?target=denonext",
    "https://esm.sh/webidl-conversions@^3.0.0?target=denonext": "https://esm.sh/webidl-conversions@3.0.1?target=denonext",
    "https://esm.sh/whatwg-url@^5.0.0?target=denonext": "https://esm.sh/whatwg-url@5.0.0?target=denonext"
  },
  "remote": {
    "https://esm.sh/@supabase/functions-js@2.112.3/denonext/functions-js.mjs": "ce408d1254a08ce23746fec5a186f97d1af7b60a8ee3f3d989078953fff64533",
    "https://esm.sh/@supabase/functions-js@2.112.3?target=denonext": "ade4ae02a1a885a3ec155e9be8403d875d4692c2d951f29d39369a8420b97be0",
    "https://esm.sh/@supabase/gotrue-js@2.112.3/denonext/gotrue-js.mjs": "191d703b60713468a713d4bd289935f009b2b47d720e7eae64eac6e596bcb10a",
    "https://esm.sh/@supabase/gotrue-js@2.112.3?target=denonext": "b46e308510ba7c430fa70ac1cfb45edb7fee088a6d19e99a592f083ec5447be6",
    "https://esm.sh/@supabase/node-fetch@2.6.15/denonext/node-fetch.mjs": "0bae9052231f4f6dbccc7234d05ea96923dbf967be12f402764580b6bf9f713d",
    "https://esm.sh/@supabase/node-fetch@2.6.15?target=denonext": "4d28c4ad97328403184353f68434f2b6973971507919e9150297413664919cf3",
    "https://esm.sh/@supabase/phoenix@0.4.5/denonext/phoenix.mjs": "40bd2a70829cd847848baac58e635bacd83fd62188f6624b44e2c295341004eb",
    "https://esm.sh/@supabase/postgrest-js@1.21.4/denonext/postgrest-js.mjs": "c3769b11ef02debc78ecf6ab4e152d3cf7dbd05bbbafeb72c160e76cc57cda3c",
    "https://esm.sh/@supabase/postgrest-js@1.21.4?target=denonext": "db2315bc0ff19690cd4239c5adb5f5787f5dea04955058ef1fca541d49555ed6",
    "https://esm.sh/@supabase/realtime-js@2.112.3/denonext/realtime-js.mjs": "6a404d084080a2ccc860b15887f640f7d89b564597b9ac8de8b3211fad93d47d",
    "https://esm.sh/@supabase/realtime-js@2.112.3?target=denonext": "8a5a12089ba9c4902ffe91b087c5f1c072328dc1eedd2d2f0a62d0570cab9267",
    "https://esm.sh/@supabase/storage-js@2.112.3/denonext/storage-js.mjs": "e2073d5010e5e90e34bff604f710f09249de544030605963bb5d04640e22d1a0",
    "https://esm.sh/@supabase/storage-js@2.112.3?target=denonext": "381f81e985a19697461e5276b8ac56bfc8fc5689291b88a520aac470adb69755",
    "https://esm.sh/@supabase/supabase-js@2.38.0": "654d01dd4aeff8e98fd4d9c6095bc0703a6158a8aab0e723f0d0ed1f9d808011",
    "https://esm.sh/@supabase/supabase-js@2.38.0/denonext/supabase-js.mjs": "1222c9276049979d14fd028c8c52e685ec88fa4ec552be3434f7ee7fe5c1e2f9",
    "https://esm.sh/ansi-styles@4.3.0/denonext/ansi-styles.mjs": "f92a2a6ff9a3548ef9824c2ed7b054025df3a0fd1ce0f19455d61e656bc88e07",
    "https://esm.sh/ansi-styles@4.3.0?target=denonext": "449ddfe9f05b1d7c660166e044832eceaaca61f37b0ea3180aff9439227fe63e",
    "https://esm.sh/chalk@4.1.2/denonext/chalk.mjs": "9187ca5ecb3b97f51ce51e5d796cdf20b2d281e98fde12015872b82ec357d342",
    "https://esm.sh/chalk@4.1.2?target=denonext": "964f095d761be8c1a4772f646f99abbbf38cfe4c213d8c3af80bc0dd48456393",
    "https://esm.sh/color-convert@2.0.1/denonext/color-convert.mjs": "9a846b371f7714ff641b80e697e12314d42f2e85cc93550d0254235e5778aabf",
    "https://esm.sh/color-convert@2.0.1?target=denonext": "df6d07b59fbe52a096d8aea9e79fc32b693e9dd9666054b4566cbad4d48c62fe",
    "https://esm.sh/color-name@1.1.4/denonext/color-name.mjs": "3b5b10fc0cd9f96d56c81cc7559a2106ff64a401a8100cd33e1f4b68e677c562",
    "https://esm.sh/color-name@1.1.4?target=denonext": "55709266f414e5115ac52d6831ba4951f7c8b9ac663f0f79ddc8ed782b4fb735",
    "https://esm.sh/console-stamp@3.1.2": "6f1805418bee22370b105caccde68f6cab1e3e03489297330a3ebddbb55b9573",
    "https://esm.sh/console-stamp@3.1.2/denonext/console-stamp.mjs": "7d3c3f140e6dcdd2811e4b256ffd295c3498033c6b2cfc3713894508c98a579f",
    "https://esm.sh/dateformat@4.6.3/denonext/dateformat.mjs": "685780bde6f44a1f72424fb2100fba98ffb4cdba3ea17584ae29c5e6337f15bf",
    "https://esm.sh/dateformat@4.6.3?target=denonext": "e9a43785e9147c1ee470c9642b120a7cebf57f0395c550e072b6e72ee3f32fb1",
    "https://esm.sh/has-flag@4.0.0/denonext/has-flag.mjs": "f0b7a96d6f0fb511a4394b68e679a0c4ff6f2dd6762c178846ca117d29d0dbd3",
    "https://esm.sh/has-flag@4.0.0?target=denonext": "f0fce90fca2a5c1b7ef038d0426f5d0145938585dd061e5413d078747913d48b",
    "https://esm.sh/iceberg-js@0.8.1/denonext/iceberg-js.mjs": "d839d81a2e3966500ca2cdd0c1cb458e9608bacfc91f7bb67a69b2e878dcdb4f",
    "https://esm.sh/iceberg-js@0.8.1?target=denonext": "58c849d7fe2bf4eca4a84eb501e83c161a7d8c34ca1bec15a962b3bec3062633",
    "https://esm.sh/supports-color@7.2.0/denonext/supports-color.mjs": "d8c81b9a742783a5dcecb2d6c301de5bed4459113bdcee41175aa7fdbe812443",
    "https://esm.sh/supports-color@7.2.0?target=denonext": "e161939e3c5a2e8adc3edc8de038fa9e4c0d9df41e1ca1ee42e60d209c7a9b4a",
    "https://esm.sh/tr46@0.0.3/denonext/tr46.mjs": "5753ec0a99414f4055f0c1f97691100f13d88e48a8443b00aebb90a512785fa2",
    "https://esm.sh/tr46@0.0.3?target=denonext": "19cb9be0f0d418a0c3abb81f2df31f080e9540a04e43b0f699bce1149cba0cbb",
    "https://esm.sh/tslib@2.8.1/denonext/tslib.mjs": "c38da5dd6da6281964435002ce204cd586634fe3bdfb24a0ee116f48cf3292e9",
    "https://esm.sh/webidl-conversions@3.0.1/denonext/webidl-conversions.mjs": "238cd0743827707cbc1c2d7c2cf1027dbc536fb53ec9a3fde0ff8026a3ac5385",
    "https://esm.sh/webidl-conversions@3.0.1?target=denonext": "4e20318d50528084616c79d7b3f6e7f0fe7b6d09013bd01b3974d7448d767e29",
    "https://esm.sh/whatwg-url@5.0.0/denonext/whatwg-url.mjs": "29b16d74ee72624c915745bbd25b617cfd2248c6af0f5120d131e232a9a9af79",
    "https://esm.sh/whatwg-url@5.0.0?target=denonext": "f001a2cadf81312d214ca330033f474e74d81a003e21e8c5d70a1f46dc97b02d"
  }
}
